{
  "version": 1,
  "dependencies": {
    "net6.0": {
      "Microsoft.CodeAnalysis.NetAnalyzers": {
        "type": "Direct",
        "requested": "[10.0.202, )",
        "resolved": "10.0.202",
        "contentHash": "ZC4WsiOnzyUHIZ3uGN4popaYPh2NgYcXZ/CpMpAb3mVF/HvBGlBtlredzZMKgcHqlm+ygqJh6qfhUSc/OJ0hWQ=="
      },
      "Nerdbank.GitVersioning": {
        "type": "Direct",
        "requested": "[3.7.115, )",
        "resolved": "3.7.115",
        "contentHash": "EpXamaAdRfG/BMxGgvZlTM0npRnkmXUjAj8OdNKd17t4oN+2nvjdv/KnFmzOOMDqvlwB49UCwtOHJrAQTfUBtQ=="
      },
      "antithesis.sdk.sourcegenerators": {
        "type": "Project"
      }
    }
  }
}